// !$*UTF8*$!
{
	archiveVersion = 1;
	classes = {
	};
	objectVersion = 55;
	objects = {

/* Begin PBXBuildFile section */
		394C01D227C0E8FE00FA20CE /* Post.swift in Sources */ = {isa = PBXBuildFile; fileRef = 394C01D127C0E8FE00FA20CE /* Post.swift */; };
		394C01D627C0E97E00FA20CE /* CollectionViewCell.swift in Sources */ = {isa = PBXBuildFile; fileRef = 394C01D427C0E97E00FA20CE /* CollectionViewCell.swift */; };
		394C01D727C0E97E00FA20CE /* CollectionViewCell.xib in Resources */ = {isa = PBXBuildFile; fileRef = 394C01D527C0E97E00FA20CE /* CollectionViewCell.xib */; };
		3961452527BE8D97002D2EAD /* AppDelegate.swift in Sources */ = {isa = PBXBuildFile; fileRef = 3961452427BE8D97002D2EAD /* AppDelegate.swift */; };
		3961452727BE8D97002D2EAD /* SceneDelegate.swift in Sources */ = {isa = PBXBuildFile; fileRef = 3961452627BE8D97002D2EAD /* SceneDelegate.swift */; };
		3961452927BE8D97002D2EAD /* ViewController.swift in Sources */ = {isa = PBXBuildFile; fileRef = 3961452827BE8D97002D2EAD /* ViewController.swift */; };
		3961452C27BE8D97002D2EAD /* Main.storyboard in Resources */ = {isa = PBXBuildFile; fileRef = 3961452A27BE8D97002D2EAD /* Main.storyboard */; };
		3961452F27BE8D97002D2EAD /* doMorePls.xcdatamodeld in Sources */ = {isa = PBXBuildFile; fileRef = 3961452D27BE8D97002D2EAD /* doMorePls.xcdatamodeld */; };
		3961453127BE8D98002D2EAD /* Assets.xcassets in Resources */ = {isa = PBXBuildFile; fileRef = 3961453027BE8D98002D2EAD /* Assets.xcassets */; };
		3961453427BE8D98002D2EAD /* LaunchScreen.storyboard in Resources */ = {isa = PBXBuildFile; fileRef = 3961453227BE8D98002D2EAD /* LaunchScreen.storyboard */; };
		3961453F27BE8E1B002D2EAD /* HomeViewController.swift in Sources */ = {isa = PBXBuildFile; fileRef = 3961453D27BE8E1B002D2EAD /* HomeViewController.swift */; };
		3961454027BE8E1B002D2EAD /* HomeViewController.xib in Resources */ = {isa = PBXBuildFile; fileRef = 3961453E27BE8E1B002D2EAD /* HomeViewController.xib */; };
		39B2220E27C393EB00F9A3FE /* ScrollViewController.swift in Sources */ = {isa = PBXBuildFile; fileRef = 39B2220C27C393EB00F9A3FE /* ScrollViewController.swift */; };
		39B2220F27C393EB00F9A3FE /* ScrollViewController.xib in Resources */ = {isa = PBXBuildFile; fileRef = 39B2220D27C393EB00F9A3FE /* ScrollViewController.xib */; };
/* End PBXBuildFile section */

/* Begin PBXFileReference section */
		394C01D127C0E8FE00FA20CE /* Post.swift */ = {isa = PBXFileReference; lastKnownFileType = sourcecode.swift; path = Post.swift; sourceTree = "<group>"; };
		394C01D427C0E97E00FA20CE /* CollectionViewCell.swift */ = {isa = PBXFileReference; lastKnownFileType = sourcecode.swift; path = CollectionViewCell.swift; sourceTree = "<group>"; };
		394C01D527C0E97E00FA20CE /* CollectionViewCell.xib */ = {isa = PBXFileReference; lastKnownFileType = file.xib; path = CollectionViewCell.xib; sourceTree = "<group>"; };
		3961452127BE8D97002D2EAD /* doMorePls.app */ = {isa = PBXFileReference; explicitFileType = wrapper.application; includeInIndex = 0; path = doMorePls.app; sourceTree = BUILT_PRODUCTS_DIR; };
		3961452427BE8D97002D2EAD /* AppDelegate.swift */ = {isa = PBXFileReference; lastKnownFileType = sourcecode.swift; path = AppDelegate.swift; sourceTree = "<group>"; };
		3961452627BE8D97002D2EAD /* SceneDelegate.swift */ = {isa = PBXFileReference; lastKnownFileType = sourcecode.swift; path = SceneDelegate.swift; sourceTree = "<group>"; };
		3961452827BE8D97002D2EAD /* ViewController.swift */ = {isa = PBXFileReference; lastKnownFileType = sourcecode.swift; path = ViewController.swift; sourceTree = "<group>"; };
		3961452B27BE8D97002D2EAD /* Base */ = {isa = PBXFileReference; lastKnownFileType = file.storyboard; name = Base; path = Base.lproj/Main.storyboard; sourceTree = "<group>"; };
		3961452E27BE8D97002D2EAD /* doMorePls.xcdatamodel */ = {isa = PBXFileReference; lastKnownFileType = wrapper.xcdatamodel; path = doMorePls.xcdatamodel; sourceTree = "<group>"; };
		3961453027BE8D98002D2EAD /* Assets.xcassets */ = {isa = PBXFileReference; lastKnownFileType = folder.assetcatalog; path = Assets.xcassets; sourceTree = "<group>"; };
		3961453327BE8D98002D2EAD /* Base */ = {isa = PBXFileReference; lastKnownFileType = file.storyboard; name = Base; path = Base.lproj/LaunchScreen.storyboard; sourceTree = "<group>"; };
		3961453527BE8D98002D2EAD /* Info.plist */ = {isa = PBXFileReference; lastKnownFileType = text.plist.xml; path = Info.plist; sourceTree = "<group>"; };
		3961453D27BE8E1B002D2EAD /* HomeViewController.swift */ = {isa = PBXFileReference; lastKnownFileType = sourcecode.swift; path = HomeViewController.swift; sourceTree = "<group>"; };
		3961453E27BE8E1B002D2EAD /* HomeViewController.xib */ = {isa = PBXFileReference; lastKnownFileType = file.xib; path = HomeViewController.xib; sourceTree = "<group>"; };
		39B2220C27C393EB00F9A3FE /* ScrollViewController.swift */ = {isa = PBXFileReference; lastKnownFileType = sourcecode.swift; path = ScrollViewController.swift; sourceTree = "<group>"; };
		39B2220D27C393EB00F9A3FE /* ScrollViewController.xib */ = {isa = PBXFileReference; lastKnownFileType = file.xib; path = ScrollViewController.xib; sourceTree = "<group>"; };
/* End PBXFileReference section */

/* Begin PBXFrameworksBuildPhase section */
		3961451E27BE8D97002D2EAD /* Frameworks */ = {
			isa = PBXFrameworksBuildPhase;
			buildActionMask = 2147483647;
			files = (
			);
			runOnlyForDeploymentPostprocessing = 0;
		};
/* End PBXFrameworksBuildPhase section */

/* Begin PBXGroup section */
		394C01D027C0E8EE00FA20CE /* moduls */ = {
			isa = PBXGroup;
			children = (
				394C01D127C0E8FE00FA20CE /* Post.swift */,
			);
			path = moduls;
			sourceTree = "<group>";
		};
		394C01D327C0E96400FA20CE /* collectionViewCell */ = {
			isa = PBXGroup;
			children = (
				394C01D427C0E97E00FA20CE /* CollectionViewCell.swift */,
				394C01D527C0E97E00FA20CE /* CollectionViewCell.xib */,
			);
			path = collectionViewCell;
			sourceTree = "<group>";
		};
		3961451827BE8D97002D2EAD = {
			isa = PBXGroup;
			children = (
				3961452327BE8D97002D2EAD /* doMorePls */,
				3961452227BE8D97002D2EAD /* Products */,
			);
			sourceTree = "<group>";
		};
		3961452227BE8D97002D2EAD /* Products */ = {
			isa = PBXGroup;
			children = (
				3961452127BE8D97002D2EAD /* doMorePls.app */,
			);
			name = Products;
			sourceTree = "<group>";
		};
		3961452327BE8D97002D2EAD /* doMorePls */ = {
			isa = PBXGroup;
			children = (
				394C01D327C0E96400FA20CE /* collectionViewCell */,
				394C01D027C0E8EE00FA20CE /* moduls */,
				3961453C27BE8E04002D2EAD /* Controllers */,
				3961452427BE8D97002D2EAD /* AppDelegate.swift */,
				3961452627BE8D97002D2EAD /* SceneDelegate.swift */,
				3961453527BE8D98002D2EAD /* Info.plist */,
				3961453B27BE8DAF002D2EAD /* apputils */,
			);
			path = doMorePls;
			sourceTree = "<group>";
		};
		3961453B27BE8DAF002D2EAD /* apputils */ = {
			isa = PBXGroup;
			children = (
				3961452827BE8D97002D2EAD /* ViewController.swift */,
				3961452A27BE8D97002D2EAD /* Main.storyboard */,
				3961453027BE8D98002D2EAD /* Assets.xcassets */,
				3961453227BE8D98002D2EAD /* LaunchScreen.storyboard */,
				3961452D27BE8D97002D2EAD /* doMorePls.xcdatamodeld */,
			);
			path = apputils;
			sourceTree = "<group>";
		};
		3961453C27BE8E04002D2EAD /* Controllers */ = {
			isa = PBXGroup;
			children = (
				3961453D27BE8E1B002D2EAD /* HomeViewController.swift */,
				3961453E27BE8E1B002D2EAD /* HomeViewController.xib */,
				39B2220C27C393EB00F9A3FE /* ScrollViewController.swift */,
				39B2220D27C393EB00F9A3FE /* ScrollViewController.xib */,
			);
			path = Controllers;
			sourceTree = "<group>";
		};
/* End PBXGroup section */

/* Begin PBXNativeTarget section */
		3961452027BE8D97002D2EAD /* doMorePls */ = {
			isa = PBXNativeTarget;
			buildConfigurationList = 3961453827BE8D98002D2EAD /* Build configuration list for PBXNativeTarget "doMorePls" */;
			buildPhases = (
				3961451D27BE8D97002D2EAD /* Sources */,
				3961451E27BE8D97002D2EAD /* Frameworks */,
				3961451F27BE8D97002D2EAD /* Resources */,
			);
			buildRules = (
			);
			dependencies = (
			);
			name = doMorePls;
			productName = doMorePls;
			productReference = 3961452127BE8D97002D2EAD /* doMorePls.app */;
			productType = "com.apple.product-type.application";
		};
/* End PBXNativeTarget section */

/* Begin PBXProject section */
		3961451927BE8D97002D2EAD /* Project object */ = {
			isa = PBXProject;
			attributes = {
				BuildIndependentTargetsInParallel = 1;
				LastSwiftUpdateCheck = 1320;
				LastUpgradeCheck = 1320;
				TargetAttributes = {
					3961452027BE8D97002D2EAD = {
						CreatedOnToolsVersion = 13.2.1;
					};
				};
			};
			buildConfigurationList = 3961451C27BE8D97002D2EAD /* Build configuration list for PBXProject "doMorePls" */;
			compatibilityVersion = "Xcode 13.0";
			developmentRegion = en;
			hasScannedForEncodings = 0;
			knownRegions = (
				en,
				Base,
			);
			mainGroup = 3961451827BE8D97002D2EAD;
			productRefGroup = 3961452227BE8D97002D2EAD /* Products */;
			projectDirPath = "";
			projectRoot = "";
			targets = (
				3961452027BE8D97002D2EAD /* doMorePls */,
			);
		};
/* End PBXProject section */

/* Begin PBXResourcesBuildPhase section */
		3961451F27BE8D97002D2EAD /* Resources */ = {
			isa = PBXResourcesBuildPhase;
			buildActionMask = 2147483647;
			files = (
				3961453427BE8D98002D2EAD /* LaunchScreen.storyboard in Resources */,
				3961453127BE8D98002D2EAD /* Assets.xcassets in Resources */,
				394C01D727C0E97E00FA20CE /* CollectionViewCell.xib in Resources */,
				3961452C27BE8D97002D2EAD /* Main.storyboard in Resources */,
				3961454027BE8E1B002D2EAD /* HomeViewController.xib in Resources */,
				39B2220F27C393EB00F9A3FE /* ScrollViewController.xib in Resources */,
			);
			runOnlyForDeploymentPostprocessing = 0;
		};
/* End PBXResourcesBuildPhase section */

/* Begin PBXSourcesBuildPhase section */
		3961451D27BE8D97002D2EAD /* Sources */ = {
			isa = PBXSourcesBuildPhase;
			buildActionMask = 2147483647;
			files = (
				3961453F27BE8E1B002D2EAD /* HomeViewController.swift in Sources */,
				394C01D627C0E97E00FA20CE /* CollectionViewCell.swift in Sources */,
				3961452927BE8D97002D2EAD /* ViewController.swift in Sources */,
				39B2220E27C393EB00F9A3FE /* ScrollViewController.swift in Sources */,
				3961452527BE8D97002D2EAD /* AppDelegate.swift in Sources */,
				3961452727BE8D97002D2EAD /* SceneDelegate.swift in Sources */,
				394C01D227C0E8FE00FA20CE /* Post.swift in Sources */,
				3961452F27BE8D97002D2EAD /* doMorePls.xcdatamodeld in Sources */,
			);
			runOnlyForDeploymentPostprocessing = 0;
		};
/* End PBXSourcesBuildPhase section */

/* Begin PBXVariantGroup section */
		3961452A27BE8D97002D2EAD /* Main.storyboard */ = {
			isa = PBXVariantGroup;
			children = (
				3961452B27BE8D97002D2EAD /* Base */,
			);
			name = Main.storyboard;
			sourceTree = "<group>";
		};
		3961453227BE8D98002D2EAD /* LaunchScreen.storyboard */ = {
			isa = PBXVariantGroup;
			children = (
				3961453327BE8D98002D2EAD /* Base */,
			);
			name = LaunchScreen.storyboard;
			sourceTree = "<group>";
		};
/* End PBXVariantGroup section */

/* Begin XCBuildConfiguration section */
		3961453627BE8D98002D2EAD /* Debug */ = {
			isa = XCBuildConfiguration;
			buildSettings = {
				ALWAYS_SEARCH_USER_PATHS = NO;
				CLANG_ANALYZER_NONNULL = YES;
				CLANG_ANALYZER_NUMBER_OBJECT_CONVERSION = YES_AGGRESSIVE;
				CLANG_CXX_LANGUAGE_STANDARD = "gnu++17";
				CLANG_CXX_LIBRARY = "libc++";
				CLANG_ENABLE_MODULES = YES;
				CLANG_ENABLE_OBJC_ARC = YES;
				CLANG_ENABLE_OBJC_WEAK = YES;
				CLANG_WARN_BLOCK_CAPTURE_AUTORELEASING = YES;
				CLANG_WARN_BOOL_CONVERSION = YES;
				CLANG_WARN_COMMA = YES;
				CLANG_WARN_CONSTANT_CONVERSION = YES;
				CLANG_WARN_DEPRECATED_OBJC_IMPLEMENTATIONS = YES;
				CLANG_WARN_DIRECT_OBJC_ISA_USAGE = YES_ERROR;
				CLANG_WARN_DOCUMENTATION_COMMENTS = YES;
				CLANG_WARN_EMPTY_BODY = YES;
				CLANG_WARN_ENUM_CONVERSION = YES;
				CLANG_WARN_INFINITE_RECURSION = YES;
				CLANG_WARN_INT_CONVERSION = YES;
				CLANG_WARN_NON_LITERAL_NULL_CONVERSION = YES;
				CLANG_WARN_OBJC_IMPLICIT_RETAIN_SELF = YES;
				CLANG_WARN_OBJC_LITERAL_CONVERSION = YES;
				CLANG_WARN_OBJC_ROOT_CLASS = YES_ERROR;
				CLANG_WARN_QUOTED_INCLUDE_IN_FRAMEWORK_HEADER = YES;
				CLANG_WARN_RANGE_LOOP_ANALYSIS = YES;
				CLANG_WARN_STRICT_PROTOTYPES = YES;
				CLANG_WARN_SUSPICIOUS_MOVE = YES;
				CLANG_WARN_UNGUARDED_AVAILABILITY = YES_AGGRESSIVE;
				CLANG_WARN_UNREACHABLE_CODE = YES;
				CLANG_WARN__DUPLICATE_METHOD_MATCH = YES;
				COPY_PHASE_STRIP = NO;
				DEBUG_INFORMATION_FORMAT = dwarf;
				ENABLE_STRICT_OBJC_MSGSEND = YES;
				ENABLE_TESTABILITY = YES;
				GCC_C_LANGUAGE_STANDARD = gnu11;
				GCC_DYNAMIC_NO_PIC = NO;
				GCC_NO_COMMON_BLOCKS = YES;
				GCC_OPTIMIZATION_LEVEL = 0;
				GCC_PREPROCESSOR_DEFINITIONS = (
					"DEBUG=1",
					"$(inherited)",
				);
				GCC_WARN_64_TO_32_BIT_CONVERSION = YES;
				GCC_WARN_ABOUT_RETURN_TYPE = YES_ERROR;
				GCC_WARN_UNDECLARED_SELECTOR = YES;
				GCC_WARN_UNINITIALIZED_AUTOS = YES_AGGRESSIVE;
				GCC_WARN_UNUSED_FUNCTION = YES;
				GCC_WARN_UNUSED_VARIABLE = YES;
				IPHONEOS_DEPLOYMENT_TARGET = 15.2;
				MTL_ENABLE_DEBUG_INFO = INCLUDE_SOURCE;
				MTL_FAST_MATH = YES;
				ONLY_ACTIVE_ARCH = YES;
				SDKROOT = iphoneos;
				SWIFT_ACTIVE_COMPILATION_CONDITIONS = DEBUG;
				SWIFT_OPTIMIZATION_LEVEL = "-Onone";
			};
			name = Debug;
		};
		3961453727BE8D98002D2EAD /* Release */ = {
			isa = XCBuildConfiguration;
			buildSettings = {
				ALWAYS_SEARCH_USER_PATHS = NO;
				CLANG_ANALYZER_NONNULL = YES;
				CLANG_ANALYZER_NUMBER_OBJECT_CONVERSION = YES_AGGRESSIVE;
				CLANG_CXX_LANGUAGE_STANDARD = "gnu++17";
				CLANG_CXX_LIBRARY = "libc++";
				CLANG_ENABLE_MODULES = YES;
				CLANG_ENABLE_OBJC_ARC = YES;
				CLANG_ENABLE_OBJC_WEAK = YES;
				CLANG_WARN_BLOCK_CAPTURE_AUTORELEASING = YES;
				CLANG_WARN_BOOL_CONVERSION = YES;
				CLANG_WARN_COMMA = YES;
				CLANG_WARN_CONSTANT_CONVERSION = YES;
				CLANG_WARN_DEPRECATED_OBJC_IMPLEMENTATIONS = YES;
				CLANG_WARN_DIRECT_OBJC_ISA_USAGE = YES_ERROR;
				CLANG_WARN_DOCUMENTATION_COMMENTS = YES;
				CLANG_WARN_EMPTY_BODY = YES;
				CLANG_WARN_ENUM_CONVERSION = YES;
				CLANG_WARN_INFINITE_RECURSION = YES;
				CLANG_WARN_INT_CONVERSION = YES;
				CLANG_WARN_NON_LITERAL_NULL_CONVERSION = YES;
				CLANG_WARN_OBJC_IMPLICIT_RETAIN_SELF = YES;
				CLANG_WARN_OBJC_LITERAL_CONVERSION = YES;
				CLANG_WARN_OBJC_ROOT_CLASS = YES_ERROR;
				CLANG_WARN_QUOTED_INCLUDE_IN_FRAMEWORK_HEADER = YES;
				CLANG_WARN_RANGE_LOOP_ANALYSIS = YES;
				CLANG_WARN_STRICT_PROTOTYPES = YES;
				CLANG_WARN_SUSPICIOUS_MOVE = YES;
				CLANG_WARN_UNGUARDED_AVAILABILITY = YES_AGGRESSIVE;
				CLANG_WARN_UNREACHABLE_CODE = YES;
				CLANG_WARN__DUPLICATE_METHOD_MATCH = YES;
				COPY_PHASE_STRIP = NO;
				DEBUG_INFORMATION_FORMAT = "dwarf-with-dsym";
				ENABLE_NS_ASSERTIONS = NO;
				ENABLE_STRICT_OBJC_MSGSEND = YES;
				GCC_C_LANGUAGE_STANDARD = gnu11;
				GCC_NO_COMMON_BLOCKS = YES;
				GCC_WARN_64_TO_32_BIT_CONVERSION = YES;
				GCC_WARN_ABOUT_RETURN_TYPE = YES_ERROR;
				GCC_WARN_UNDECLARED_SELECTOR = YES;
				GCC_WARN_UNINITIALIZED_AUTOS = YES_AGGRESSIVE;
				GCC_WARN_UNUSED_FUNCTION = YES;
				GCC_WARN_UNUSED_VARIABLE = YES;
				IPHONEOS_DEPLOYMENT_TARGET = 15.2;
				MTL_ENABLE_DEBUG_INFO = NO;
				MTL_FAST_MATH = YES;
				SDKROOT = iphoneos;
				SWIFT_COMPILATION_MODE = wholemodule;
				SWIFT_OPTIMIZATION_LEVEL = "-O";
				VALIDATE_PRODUCT = YES;
			};
			name = Release;
		};
		3961453927BE8D98002D2EAD /* Debug */ = {
			isa = XCBuildConfiguration;
			buildSettings = {
				ASSETCATALOG_COMPILER_APPICON_NAME = AppIcon;
				ASSETCATALOG_COMPILER_GLOBAL_ACCENT_COLOR_NAME = AccentColor;
				CODE_SIGN_STYLE = Automatic;
				CURRENT_PROJECT_VERSION = 1;
				GENERATE_INFOPLIST_FILE = YES;
				INFOPLIST_FILE = doMorePls/Info.plist;
				INFOPLIST_KEY_UIApplicationSupportsIndirectInputEvents = YES;
				INFOPLIST_KEY_UILaunchStoryboardName = LaunchScreen;
				INFOPLIST_KEY_UIMainStoryboardFile = Main;
				INFOPLIST_KEY_UISupportedInterfaceOrientations = "UIInterfaceOrientationPortrait UIInterfaceOrientationLandscapeLeft UIInterfaceOrientationLandscapeRight";
				INFOPLIST_KEY_UISupportedInterfaceOrientations_iPad = "UIInterfaceOrientationPortrait UIInterfaceOrientationPortraitUpsideDown UIInterfaceOrientationLandscapeLeft UIInterfaceOrientationLandscapeRight";
				INFOPLIST_KEY_UISupportedInterfaceOrientations_iPhone = "UIInterfaceOrientationPortrait UIInterfaceOrientationLandscapeLeft UIInterfaceOrientationLandscapeRight";
				LD_RUNPATH_SEARCH_PATHS = (
					"$(inherited)",
					"@executable_path/Frameworks",
				);
				MARKETING_VERSION = 1.0;
				PRODUCT_BUNDLE_IDENTIFIER = jarmen.com.doMorePls;
				PRODUCT_NAME = "$(TARGET_NAME)";
				SWIFT_EMIT_LOC_STRINGS = YES;
				SWIFT_VERSION = 5.0;
				TARGETED_DEVICE_FAMILY = "1,2";
			};
			name = Debug;
		};
		3961453A27BE8D98002D2EAD /* Release */ = {
			isa = XCBuildConfiguration;
			buildSettings = {
				ASSETCATALOG_COMPILER_APPICON_NAME = AppIcon;
				ASSETCATALOG_COMPILER_GLOBAL_ACCENT_COLOR_NAME = AccentColor;
				CODE_SIGN_STYLE = Automatic;
				CURRENT_PROJECT_VERSION = 1;
				GENERATE_INFOPLIST_FILE = YES;
				INFOPLIST_FILE = doMorePls/Info.plist;
				INFOPLIST_KEY_UIApplicationSupportsIndirectInputEvents = YES;
				INFOPLIST_KEY_UILaunchStoryboardName = LaunchScreen;
				INFOPLIST_KEY_UIMainStoryboardFile = Main;
				INFOPLIST_KEY_UISupportedInterfaceOrientations = "UIInterfaceOrientationPortrait UIInterfaceOrientationLandscapeLeft UIInterfaceOrientationLandscapeRight";
				INFOPLIST_KEY_UISupportedInterfaceOrientations_iPad = "UIInterfaceOrientationPortrait UIInterfaceOrientationPortraitUpsideDown UIInterfaceOrientationLandscapeLeft UIInterfaceOrientationLandscapeRight";
				INFOPLIST_KEY_UISupportedInterfaceOrientations_iPhone = "UIInterfaceOrientationPortrait UIInterfaceOrientationLandscapeLeft UIInterfaceOrientationLandscapeRight";
				LD_RUNPATH_SEARCH_PATHS = (
					"$(inherited)",
					"@executable_path/Frameworks",
				);
				MARKETING_VERSION = 1.0;
				PRODUCT_BUNDLE_IDENTIFIER = jarmen.com.doMorePls;
				PRODUCT_NAME = "$(TARGET_NAME)";
				SWIFT_EMIT_LOC_STRINGS = YES;
				SWIFT_VERSION = 5.0;
				TARGETED_DEVICE_FAMILY = "1,2";
			};
			name = Release;
		};
/* End XCBuildConfiguration section */

/* Begin XCConfigurationList section */
		3961451C27BE8D97002D2EAD /* Build configuration list for PBXProject "doMorePls" */ = {
			isa = XCConfigurationList;
			buildConfigurations = (
				3961453627BE8D98002D2EAD /* Debug */,
				3961453727BE8D98002D2EAD /* Release */,
			);
			defaultConfigurationIsVisible = 0;
			defaultConfigurationName = Release;
		};
		3961453827BE8D98002D2EAD /* Build configuration list for PBXNativeTarget "doMorePls" */ = {
			isa = XCConfigurationList;
			buildConfigurations = (
				3961453927BE8D98002D2EAD /* Debug */,
				3961453A27BE8D98002D2EAD /* Release */,
			);
			defaultConfigurationIsVisible = 0;
			defaultConfigurationName = Release;
		};
/* End XCConfigurationList section */

/* Begin XCVersionGroup section */
		3961452D27BE8D97002D2EAD /* doMorePls.xcdatamodeld */ = {
			isa = XCVersionGroup;
			children = (
				3961452E27BE8D97002D2EAD /* doMorePls.xcdatamodel */,
			);
			currentVersion = 3961452E27BE8D97002D2EAD /* doMorePls.xcdatamodel */;
			path = doMorePls.xcdatamodeld;
			sourceTree = "<group>";
			versionGroupType = wrapper.xcdatamodel;
		};
/* End XCVersionGroup section */
	};
	rootObject = 3961451927BE8D97002D2EAD /* Project object */;
}
